
Microsoft Visual Studio Solution File, Format Version 12.00
# Visual Studio 15
VisualStudioVersion = 15.0.26430.13
MinimumVisualStudioVersion = 10.0.40219.1
Project("{2150E333-8FDC-42A3-9474-1A3956D46DE8}") = ".build", ".build", "{42BFED5D-C6F6-41B6-874A-78D6943C32E9}"
	ProjectSection(SolutionItems) = preProject
		paket.cmd = paket.cmd
		paket.dependencies = paket.dependencies
	EndProjectSection
EndProject
Project("{9A19103F-16F7-4668-BE54-9A1E7A4F7556}") = "Protobrot.Api", "Protobrot.Api\Protobrot.Api.csproj", "{FBF6C5F2-2756-4C7E-8E40-4CEF14815527}"
EndProject
Project("{FAE04EC0-301F-11D3-BF4B-00C04F79EFBC}") = "Protobrot.Image", "Protobrot.Image\Protobrot.Image.csproj", "{27C15647-D765-4742-9F7F-D4A3291E88CF}"
EndProject
Global
	GlobalSection(SolutionConfigurationPlatforms) = preSolution
		Debug|Any CPU = Debug|Any CPU
		Release|Any CPU = Release|Any CPU
	EndGlobalSection
	GlobalSection(ProjectConfigurationPlatforms) = postSolution
		{FBF6C5F2-2756-4C7E-8E40-4CEF14815527}.Debug|Any CPU.ActiveCfg = Debug|Any CPU
		{FBF6C5F2-2756-4C7E-8E40-4CEF14815527}.Debug|Any CPU.Build.0 = Debug|Any CPU
		{FBF6C5F2-2756-4C7E-8E40-4CEF14815527}.Release|Any CPU.ActiveCfg = Release|Any CPU
		{FBF6C5F2-2756-4C7E-8E40-4CEF14815527}.Release|Any CPU.Build.0 = Release|Any CPU
		{27C15647-D765-4742-9F7F-D4A3291E88CF}.Debug|Any CPU.ActiveCfg = Debug|Any CPU
		{27C15647-D765-4742-9F7F-D4A3291E88CF}.Debug|Any CPU.Build.0 = Debug|Any CPU
		{27C15647-D765-4742-9F7F-D4A3291E88CF}.Release|Any CPU.ActiveCfg = Release|Any CPU
		{27C15647-D765-4742-9F7F-D4A3291E88CF}.Release|Any CPU.Build.0 = Release|Any CPU
	EndGlobalSection
	GlobalSection(SolutionProperties) = preSolution
		HideSolutionNode = FALSE
	EndGlobalSection
EndGlobal
